
Microsoft Visual Studio Solution File, Format Version 12.00
# Visual Studio Version 17
VisualStudioVersion = 17.4.33205.214
MinimumVisualStudioVersion = 10.0.40219.1
Project("{9A19103F-16F7-4668-BE54-9A1E7A4F7556}") = "NLayer.Core", "NLayer.Core\NLayer.Core.csproj", "{CEF17EDA-EB03-49E5-A2C2-AC21E38B1C85}"
EndProject
Project("{9A19103F-16F7-4668-BE54-9A1E7A4F7556}") = "NLayer.Repository", "NLayer.Repository\NLayer.Repository.csproj", "{ECDD03D9-3503-464A-951D-3E4FCA91F1C2}"
EndProject
Project("{9A19103F-16F7-4668-BE54-9A1E7A4F7556}") = "NLayer.Service", "NLayer.Service\NLayer.Service.csproj", "{66A92904-944F-4FD3-A472-6732E3334719}"
EndProject
Project("{9A19103F-16F7-4668-BE54-9A1E7A4F7556}") = "NLayer.API", "NLayer.API\NLayer.API.csproj", "{1BA05952-FF2A-46CF-8603-59BB182ECCB4}"
EndProject
Project("{9A19103F-16F7-4668-BE54-9A1E7A4F7556}") = "NLayer.Web", "NLayer.Web\NLayer.Web.csproj", "{1FFC9DDE-7AD5-45E6-81E4-DCBD6EB3BC9C}"
EndProject
Project("{9A19103F-16F7-4668-BE54-9A1E7A4F7556}") = "NLayer.Caching", "NLayer.Caching\NLayer.Caching.csproj", "{05386B26-42C9-4A9B-AC20-BBFF79D8AEE4}"
EndProject
Project("{2150E333-8FDC-42A3-9474-1A3956D46DE8}") = "Solution Items", "Solution Items", "{336B9BDE-A3B0-4B51-9039-858E4ACE0014}"
	ProjectSection(SolutionItems) = preProject
		.editorconfig = .editorconfig
	EndProjectSection
EndProject
Global
	GlobalSection(SolutionConfigurationPlatforms) = preSolution
		Debug|Any CPU = Debug|Any CPU
		Release|Any CPU = Release|Any CPU
	EndGlobalSection
	GlobalSection(ProjectConfigurationPlatforms) = postSolution
		{CEF17EDA-EB03-49E5-A2C2-AC21E38B1C85}.Debug|Any CPU.ActiveCfg = Debug|Any CPU
		{CEF17EDA-EB03-49E5-A2C2-AC21E38B1C85}.Debug|Any CPU.Build.0 = Debug|Any CPU
		{CEF17EDA-EB03-49E5-A2C2-AC21E38B1C85}.Release|Any CPU.ActiveCfg = Release|Any CPU
		{CEF17EDA-EB03-49E5-A2C2-AC21E38B1C85}.Release|Any CPU.Build.0 = Release|Any CPU
		{ECDD03D9-3503-464A-951D-3E4FCA91F1C2}.Debug|Any CPU.ActiveCfg = Debug|Any CPU
		{ECDD03D9-3503-464A-951D-3E4FCA91F1C2}.Debug|Any CPU.Build.0 = Debug|Any CPU
		{ECDD03D9-3503-464A-951D-3E4FCA91F1C2}.Release|Any CPU.ActiveCfg = Release|Any CPU
		{ECDD03D9-3503-464A-951D-3E4FCA91F1C2}.Release|Any CPU.Build.0 = Release|Any CPU
		{66A92904-944F-4FD3-A472-6732E3334719}.Debug|Any CPU.ActiveCfg = Debug|Any CPU
		{66A92904-944F-4FD3-A472-6732E3334719}.Debug|Any CPU.Build.0 = Debug|Any CPU
		{66A92904-944F-4FD3-A472-6732E3334719}.Release|Any CPU.ActiveCfg = Release|Any CPU
		{66A92904-944F-4FD3-A472-6732E3334719}.Release|Any CPU.Build.0 = Release|Any CPU
		{1BA05952-FF2A-46CF-8603-59BB182ECCB4}.Debug|Any CPU.ActiveCfg = Debug|Any CPU
		{1BA05952-FF2A-46CF-8603-59BB182ECCB4}.Debug|Any CPU.Build.0 = Debug|Any CPU
		{1BA05952-FF2A-46CF-8603-59BB182ECCB4}.Release|Any CPU.ActiveCfg = Release|Any CPU
		{1BA05952-FF2A-46CF-8603-59BB182ECCB4}.Release|Any CPU.Build.0 = Release|Any CPU
		{1FFC9DDE-7AD5-45E6-81E4-DCBD6EB3BC9C}.Debug|Any CPU.ActiveCfg = Debug|Any CPU
		{1FFC9DDE-7AD5-45E6-81E4-DCBD6EB3BC9C}.Debug|Any CPU.Build.0 = Debug|Any CPU
		{1FFC9DDE-7AD5-45E6-81E4-DCBD6EB3BC9C}.Release|Any CPU.ActiveCfg = Release|Any CPU
		{1FFC9DDE-7AD5-45E6-81E4-DCBD6EB3BC9C}.Release|Any CPU.Build.0 = Release|Any CPU
		{05386B26-42C9-4A9B-AC20-BBFF79D8AEE4}.Debug|Any CPU.ActiveCfg = Debug|Any CPU
		{05386B26-42C9-4A9B-AC20-BBFF79D8AEE4}.Debug|Any CPU.Build.0 = Debug|Any CPU
		{05386B26-42C9-4A9B-AC20-BBFF79D8AEE4}.Release|Any CPU.ActiveCfg = Release|Any CPU
		{05386B26-42C9-4A9B-AC20-BBFF79D8AEE4}.Release|Any CPU.Build.0 = Release|Any CPU
	EndGlobalSection
	GlobalSection(SolutionProperties) = preSolution
		HideSolutionNode = FALSE
	EndGlobalSection
	GlobalSection(ExtensibilityGlobals) = postSolution
		SolutionGuid = {8ACA1034-CC19-4A20-B83C-853F1786B96C}
	EndGlobalSection
EndGlobal
